<?xml version="1.0" encoding="utf-8"?>
<Project ToolsVersion="4.0" xmlns="http://schemas.microsoft.com/developer/msbuild/2003">
  <ItemGroup>
    <Filter Include="资源文件">
      <UniqueIdentifier>{67DA6AB6-F800-4c08-8B7A-83BB121AAD01}</UniqueIdentifier>
      <Extensions>rc;ico;cur;bmp;dlg;rc2;rct;bin;rgs;gif;jpg;jpeg;jpe;resx;tiff;tif;png;wav;mfcribbon-ms</Extensions>
    </Filter>
    <Filter Include="UI">
      <UniqueIdentifier>{3d8d9d68-dfd2-48df-8b7f-0404893b3a96}</UniqueIdentifier>
    </Filter>
    <Filter Include="UI\HiEasyX">
      <UniqueIdentifier>{00028f4a-ebd1-469b-8852-a107ff1dfd6a}</UniqueIdentifier>
    </Filter>
    <Filter Include="DrawDef">
      <UniqueIdentifier>{525bdb5e-4bc4-4894-982f-e38076b358c1}</UniqueIdentifier>
    </Filter>
    <Filter Include="DrawFile">
      <UniqueIdentifier>{bbe31863-67a4-40b9-bd3c-5a5d944d5193}</UniqueIdentifier>
    </Filter>
    <Filter Include="UI\Draw">
      <UniqueIdentifier>{d62f63ce-5b16-462f-a2e7-edf1bd491eba}</UniqueIdentifier>
    </Filter>
    <Filter Include="UI\Draw\DrawBase">
      <UniqueIdentifier>{d7021098-faa8-43b6-9f2a-8732a7dfa5e8}</UniqueIdentifier>
    </Filter>
    <Filter Include="UI\Draw\DrawFactory">
      <UniqueIdentifier>{2e1be416-d7b2-44d3-b237-cd688b4b4286}</UniqueIdentifier>
    </Filter>
    <Filter Include="UI\Draw\DrawLine">
      <UniqueIdentifier>{9573d6db-3ac3-42b3-8d05-4465d9d8895b}</UniqueIdentifier>
    </Filter>
    <Filter Include="Main">
      <UniqueIdentifier>{4FC737F1-C7A5-4376-A066-2A32D752A2FF}</UniqueIdentifier>
      <Extensions>cpp;c;cc;cxx;c++;cppm;ixx;def;odl;idl;hpj;bat;asm;asmx</Extensions>
    </Filter>
    <Filter Include="UI\Draw\DrawImage">
      <UniqueIdentifier>{5ebfc621-6553-4e40-a612-ff5ebdc81c66}</UniqueIdentifier>
    </Filter>
  </ItemGroup>
  <ItemGroup>
    <ClCompile Include="DrawMain.cpp">
      <Filter>Main</Filter>
    </ClCompile>
    <ClCompile Include="HiEasyX\HiCanvas.cpp">
      <Filter>UI\HiEasyX</Filter>
    </ClCompile>
    <ClCompile Include="HiEasyX\HiContainer.cpp">
      <Filter>UI\HiEasyX</Filter>
    </ClCompile>
    <ClCompile Include="HiEasyX\HiDrawingProperty.cpp">
      <Filter>UI\HiEasyX</Filter>
    </ClCompile>
    <ClCompile Include="HiEasyX\HiFPS.cpp">
      <Filter>UI\HiEasyX</Filter>
    </ClCompile>
    <ClCompile Include="HiEasyX\HiFunc.cpp">
      <Filter>UI\HiEasyX</Filter>
    </ClCompile>
    <ClCompile Include="HiEasyX\HiGdiplus.cpp">
      <Filter>UI\HiEasyX</Filter>
    </ClCompile>
    <ClCompile Include="HiEasyX\HiGif.cpp">
      <Filter>UI\HiEasyX</Filter>
    </ClCompile>
    <ClCompile Include="HiEasyX\HiGUI\Button.cpp">
      <Filter>UI\HiEasyX</Filter>
    </ClCompile>
    <ClCompile Include="HiEasyX\HiGUI\ControlBase.cpp">
      <Filter>UI\HiEasyX</Filter>
    </ClCompile>
    <ClCompile Include="HiEasyX\HiGUI\Page.cpp">
      <Filter>UI\HiEasyX</Filter>
    </ClCompile>
    <ClCompile Include="HiEasyX\HiGUI\ProgressCtrl.cpp">
      <Filter>UI\HiEasyX</Filter>
    </ClCompile>
    <ClCompile Include="HiEasyX\HiGUI\ScrollBar.cpp">
      <Filter>UI\HiEasyX</Filter>
    </ClCompile>
    <ClCompile Include="HiEasyX\HiGUI\Static.cpp">
      <Filter>UI\HiEasyX</Filter>
    </ClCompile>
    <ClCompile Include="HiEasyX\HiIcon.cpp">
      <Filter>UI\HiEasyX</Filter>
    </ClCompile>
    <ClCompile Include="HiEasyX\HiMouseDrag.cpp">
      <Filter>UI\HiEasyX</Filter>
    </ClCompile>
    <ClCompile Include="HiEasyX\HiMusicMCI.cpp">
      <Filter>UI\HiEasyX</Filter>
    </ClCompile>
    <ClCompile Include="HiEasyX\HiStart.cpp">
      <Filter>UI\HiEasyX</Filter>
    </ClCompile>
    <ClCompile Include="HiEasyX\HiSysGUI\SysButton.cpp">
      <Filter>UI\HiEasyX</Filter>
    </ClCompile>
    <ClCompile Include="HiEasyX\HiSysGUI\SysCheckBox.cpp">
      <Filter>UI\HiEasyX</Filter>
    </ClCompile>
    <ClCompile Include="HiEasyX\HiSysGUI\SysComboBox.cpp">
      <Filter>UI\HiEasyX</Filter>
    </ClCompile>
    <ClCompile Include="HiEasyX\HiSysGUI\SysControlBase.cpp">
      <Filter>UI\HiEasyX</Filter>
    </ClCompile>
    <ClCompile Include="HiEasyX\HiSysGUI\SysEdit.cpp">
      <Filter>UI\HiEasyX</Filter>
    </ClCompile>
    <ClCompile Include="HiEasyX\HiSysGUI\SysGroup.cpp">
      <Filter>UI\HiEasyX</Filter>
    </ClCompile>
    <ClCompile Include="HiEasyX\HiSysGUI\SysGroupBox.cpp">
      <Filter>UI\HiEasyX</Filter>
    </ClCompile>
    <ClCompile Include="HiEasyX\HiSysGUI\SysRadioButton.cpp">
      <Filter>UI\HiEasyX</Filter>
    </ClCompile>
    <ClCompile Include="HiEasyX\HiSysGUI\SysStatic.cpp">
      <Filter>UI\HiEasyX</Filter>
    </ClCompile>
    <ClCompile Include="HiEasyX\HiWindow.cpp">
      <Filter>UI\HiEasyX</Filter>
    </ClCompile>
    <ClCompile Include="DrawFile.cpp">
      <Filter>DrawFile</Filter>
    </ClCompile>
    <ClCompile Include="Draw\DrawBase.cpp">
      <Filter>UI\Draw\DrawBase</Filter>
    </ClCompile>
    <ClCompile Include="Draw\DrawLine.cpp">
      <Filter>UI\Draw\DrawLine</Filter>
    </ClCompile>
    <ClCompile Include="DrawFactory.cpp">
      <Filter>UI\Draw\DrawFactory</Filter>
    </ClCompile>
    <ClCompile Include="Draw\DrawImage.cpp">
      <Filter>UI\Draw\DrawImage</Filter>
    </ClCompile>
  </ItemGroup>
  <ItemGroup>
    <ClInclude Include="HiEasyX.h">
      <Filter>UI\HiEasyX</Filter>
    </ClInclude>
    <ClInclude Include="HiEasyX\HiCanvas.h">
      <Filter>UI\HiEasyX</Filter>
    </ClInclude>
    <ClInclude Include="HiEasyX\HiContainer.h">
      <Filter>UI\HiEasyX</Filter>
    </ClInclude>
    <ClInclude Include="HiEasyX\HiDef.h">
      <Filter>UI\HiEasyX</Filter>
    </ClInclude>
    <ClInclude Include="HiEasyX\HiDrawingProperty.h">
      <Filter>UI\HiEasyX</Filter>
    </ClInclude>
    <ClInclude Include="HiEasyX\HiFPS.h">
      <Filter>UI\HiEasyX</Filter>
    </ClInclude>
    <ClInclude Include="HiEasyX\HiFunc.h">
      <Filter>UI\HiEasyX</Filter>
    </ClInclude>
    <ClInclude Include="HiEasyX\HiGdiplus.h">
      <Filter>UI\HiEasyX</Filter>
    </ClInclude>
    <ClInclude Include="HiEasyX\HiGif.h">
      <Filter>UI\HiEasyX</Filter>
    </ClInclude>
    <ClInclude Include="HiEasyX\HiGUI\Button.h">
      <Filter>UI\HiEasyX</Filter>
    </ClInclude>
    <ClInclude Include="HiEasyX\HiGUI\ControlBase.h">
      <Filter>UI\HiEasyX</Filter>
    </ClInclude>
    <ClInclude Include="HiEasyX\HiGUI\HiGUI.h">
      <Filter>UI\HiEasyX</Filter>
    </ClInclude>
    <ClInclude Include="HiEasyX\HiGUI\Page.h">
      <Filter>UI\HiEasyX</Filter>
    </ClInclude>
    <ClInclude Include="HiEasyX\HiGUI\ProgressCtrl.h">
      <Filter>UI\HiEasyX</Filter>
    </ClInclude>
    <ClInclude Include="HiEasyX\HiGUI\ScrollBar.h">
      <Filter>UI\HiEasyX</Filter>
    </ClInclude>
    <ClInclude Include="HiEasyX\HiGUI\Static.h">
      <Filter>UI\HiEasyX</Filter>
    </ClInclude>
    <ClInclude Include="HiEasyX\HiIcon.h">
      <Filter>UI\HiEasyX</Filter>
    </ClInclude>
    <ClInclude Include="HiEasyX\HiMacro.h">
      <Filter>UI\HiEasyX</Filter>
    </ClInclude>
    <ClInclude Include="HiEasyX\HiMouseDrag.h">
      <Filter>UI\HiEasyX</Filter>
    </ClInclude>
    <ClInclude Include="HiEasyX\HiMusicMCI.h">
      <Filter>UI\HiEasyX</Filter>
    </ClInclude>
    <ClInclude Include="HiEasyX\HiStart.h">
      <Filter>UI\HiEasyX</Filter>
    </ClInclude>
    <ClInclude Include="HiEasyX\HiSysGUI\HiSysGUI.h">
      <Filter>UI\HiEasyX</Filter>
    </ClInclude>
    <ClInclude Include="HiEasyX\HiSysGUI\SysButton.h">
      <Filter>UI\HiEasyX</Filter>
    </ClInclude>
    <ClInclude Include="HiEasyX\HiSysGUI\SysCheckBox.h">
      <Filter>UI\HiEasyX</Filter>
    </ClInclude>
    <ClInclude Include="HiEasyX\HiSysGUI\SysComboBox.h">
      <Filter>UI\HiEasyX</Filter>
    </ClInclude>
    <ClInclude Include="HiEasyX\HiSysGUI\SysControlBase.h">
      <Filter>UI\HiEasyX</Filter>
    </ClInclude>
    <ClInclude Include="HiEasyX\HiSysGUI\SysEdit.h">
      <Filter>UI\HiEasyX</Filter>
    </ClInclude>
    <ClInclude Include="HiEasyX\HiSysGUI\SysGroup.h">
      <Filter>UI\HiEasyX</Filter>
    </ClInclude>
    <ClInclude Include="HiEasyX\HiSysGUI\SysGroupBox.h">
      <Filter>UI\HiEasyX</Filter>
    </ClInclude>
    <ClInclude Include="HiEasyX\HiSysGUI\SysRadioButton.h">
      <Filter>UI\HiEasyX</Filter>
    </ClInclude>
    <ClInclude Include="HiEasyX\HiSysGUI\SysStatic.h">
      <Filter>UI\HiEasyX</Filter>
    </ClInclude>
    <ClInclude Include="HiEasyX\HiWindow.h">
      <Filter>UI\HiEasyX</Filter>
    </ClInclude>
    <ClInclude Include="DrawDef.h">
      <Filter>DrawDef</Filter>
    </ClInclude>
    <ClInclude Include="DrawFile.h">
      <Filter>DrawFile</Filter>
    </ClInclude>
    <ClInclude Include="Draw\DrawBase.h">
      <Filter>UI\Draw\DrawBase</Filter>
    </ClInclude>
    <ClInclude Include="Draw\DrawLine.h">
      <Filter>UI\Draw\DrawLine</Filter>
    </ClInclude>
    <ClInclude Include="DrawFactory.h">
      <Filter>UI\Draw\DrawFactory</Filter>
    </ClInclude>
    <ClInclude Include="resource.h">
      <Filter>资源文件</Filter>
    </ClInclude>
    <ClInclude Include="Draw\DrawImage.h">
      <Filter>UI\Draw\DrawImage</Filter>
    </ClInclude>
  </ItemGroup>
  <ItemGroup>
    <ResourceCompile Include="Draw.rc">
      <Filter>资源文件</Filter>
    </ResourceCompile>
  </ItemGroup>
</Project>